
Microsoft Visual Studio Solution File, Format Version 12.00
# Visual Studio 14
VisualStudioVersion = 14.0.24720.0
MinimumVisualStudioVersion = 10.0.40219.1
Project("{FAE04EC0-301F-11D3-BF4B-00C04F79EFBC}") = "Lawnmowers.Core", "Lawnmowers.Core\Lawnmowers.Core.csproj", "{2B0F6A63-9C83-4C6C-AE89-0B0480D2B467}"
EndProject
Project("{FAE04EC0-301F-11D3-BF4B-00C04F79EFBC}") = "Lawnmowers.Core.UnitTests", "Lawnmowers.Core.UnitTests\Lawnmowers.Core.UnitTests.csproj", "{1F4616AE-7395-4A95-9B5D-2CA30C341CCA}"
EndProject
Global
	GlobalSection(SolutionConfigurationPlatforms) = preSolution
		Debug|Any CPU = Debug|Any CPU
		Release|Any CPU = Release|Any CPU
	EndGlobalSection
	GlobalSection(ProjectConfigurationPlatforms) = postSolution
		{2B0F6A63-9C83-4C6C-AE89-0B0480D2B467}.Debug|Any CPU.ActiveCfg = Debug|Any CPU
		{2B0F6A63-9C83-4C6C-AE89-0B0480D2B467}.Debug|Any CPU.Build.0 = Debug|Any CPU
		{2B0F6A63-9C83-4C6C-AE89-0B0480D2B467}.Release|Any CPU.ActiveCfg = Release|Any CPU
		{2B0F6A63-9C83-4C6C-AE89-0B0480D2B467}.Release|Any CPU.Build.0 = Release|Any CPU
		{1F4616AE-7395-4A95-9B5D-2CA30C341CCA}.Debug|Any CPU.ActiveCfg = Debug|Any CPU
		{1F4616AE-7395-4A95-9B5D-2CA30C341CCA}.Debug|Any CPU.Build.0 = Debug|Any CPU
		{1F4616AE-7395-4A95-9B5D-2CA30C341CCA}.Release|Any CPU.ActiveCfg = Release|Any CPU
		{1F4616AE-7395-4A95-9B5D-2CA30C341CCA}.Release|Any CPU.Build.0 = Release|Any CPU
	EndGlobalSection
	GlobalSection(SolutionProperties) = preSolution
		HideSolutionNode = FALSE
	EndGlobalSection
EndGlobal
